
Microsoft Visual Studio Solution File, Format Version 12.00
# Visual Studio Version 17
VisualStudioVersion = 17.3.32901.215
MinimumVisualStudioVersion = 10.0.40219.1
Project("{FAE04EC0-301F-11D3-BF4B-00C04F79EFBC}") = "IEFI.Quiligotti", "IEFI.Quiligotti\IEFI.Quiligotti.csproj", "{EFE90C68-0F56-4336-BB43-CD065DDCB234}"
EndProject
Global
	GlobalSection(SolutionConfigurationPlatforms) = preSolution
		Debug|Any CPU = Debug|Any CPU
		Release|Any CPU = Release|Any CPU
	EndGlobalSection
	GlobalSection(ProjectConfigurationPlatforms) = postSolution
		{EFE90C68-0F56-4336-BB43-CD065DDCB234}.Debug|Any CPU.ActiveCfg = Debug|Any CPU
		{EFE90C68-0F56-4336-BB43-CD065DDCB234}.Debug|Any CPU.Build.0 = Debug|Any CPU
		{EFE90C68-0F56-4336-BB43-CD065DDCB234}.Release|Any CPU.ActiveCfg = Release|Any CPU
		{EFE90C68-0F56-4336-BB43-CD065DDCB234}.Release|Any CPU.Build.0 = Release|Any CPU
	EndGlobalSection
	GlobalSection(SolutionProperties) = preSolution
		HideSolutionNode = FALSE
	EndGlobalSection
	GlobalSection(ExtensibilityGlobals) = postSolution
		SolutionGuid = {AF814A8B-CCDD-40F3-9DF6-0CE61DAF75BE}
	EndGlobalSection
EndGlobal
